
Microsoft Visual Studio Solution File, Format Version 12.00
# Visual Studio Version 16
VisualStudioVersion = 16.0.29827.131
MinimumVisualStudioVersion = 15.0.26124.0
Project("{2150E333-8FDC-42A3-9474-1A3956D46DE8}") = "src", "src", "{DDAB51AD-40E2-4DAB-84A6-9BFD6DF825FE}"
EndProject
Project("{2150E333-8FDC-42A3-9474-1A3956D46DE8}") = "tests", "tests", "{1966B2B6-4F4E-4358-90A7-237D0A61C843}"
EndProject
Project("{9A19103F-16F7-4668-BE54-9A1E7A4F7556}") = "CQELight.Buses.AzureServiceBus.Integration.Tests", "tests\CQELight.Buses.AzureServiceBus.Integration.Tests\CQELight.Buses.AzureServiceBus.Integration.Tests.csproj", "{F2F32D5D-D798-43FF-BC57-7F21C39FDADE}"
EndProject
Project("{9A19103F-16F7-4668-BE54-9A1E7A4F7556}") = "CQELight.Buses.InMemory.Integration.Tests", "tests\CQELight.Buses.InMemory.Integration.Tests\CQELight.Buses.InMemory.Integration.Tests.csproj", "{F338B654-63C5-43F3-A19A-F446E3971EB5}"
EndProject
Project("{9A19103F-16F7-4668-BE54-9A1E7A4F7556}") = "CQELight.Buses.RabbitMQ.Integration.Tests", "tests\CQELight.Buses.RabbitMQ.Integration.Tests\CQELight.Buses.RabbitMQ.Integration.Tests.csproj", "{FB3382DB-A9B4-4808-8AFA-76BC92906298}"
EndProject
Project("{9A19103F-16F7-4668-BE54-9A1E7A4F7556}") = "CQELight.DAL.EFCore.Integration.Tests", "tests\CQELight.DAL.EFCore.Integration.Tests\CQELight.DAL.EFCore.Integration.Tests.csproj", "{EC1FE507-231D-4407-88ED-8EBE9B5EBC8D}"
EndProject
Project("{9A19103F-16F7-4668-BE54-9A1E7A4F7556}") = "CQELight.DAL.MongoDb.Integration.Tests", "tests\CQELight.DAL.MongoDb.Integration.Tests\CQELight.DAL.MongoDb.Integration.Tests.csproj", "{E34BC78D-0AF2-43FC-9A79-DB1ECF1F2DCC}"
EndProject
Project("{9A19103F-16F7-4668-BE54-9A1E7A4F7556}") = "CQELight.EventStore.EFCore.Integration.Tests", "tests\CQELight.EventStore.EFCore.Integration.Tests\CQELight.EventStore.EFCore.Integration.Tests.csproj", "{4F536D81-01C6-4347-B092-98E8A23C9877}"
EndProject
Project("{9A19103F-16F7-4668-BE54-9A1E7A4F7556}") = "CQELight.EventStore.MongoDb.Integration.Tests", "tests\CQELight.EventStore.MongoDb.Integration.Tests\CQELight.EventStore.MongoDb.Integration.Tests.csproj", "{453E6D65-95B7-4A22-9AC1-A310FD0B2A92}"
EndProject
Project("{9A19103F-16F7-4668-BE54-9A1E7A4F7556}") = "CQELight.Integration.Tests", "tests\CQELight.Integration.Tests\CQELight.Integration.Tests.csproj", "{329A6CF8-D3AE-4D7B-844A-07FBBAEA0DC4}"
EndProject
Project("{9A19103F-16F7-4668-BE54-9A1E7A4F7556}") = "CQELight.IoC.Autofac.Integration.Tests", "tests\CQELight.IoC.Autofac.Integration.Tests\CQELight.IoC.Autofac.Integration.Tests.csproj", "{7D727E4B-6C64-42D3-B74F-4BFF5532219F}"
EndProject
Project("{9A19103F-16F7-4668-BE54-9A1E7A4F7556}") = "CQELight.IoC.Microsoft.Extensions.DependencyInjection.Tests", "tests\CQELight.IoC.Microsoft.Extensions.DependencyInjection.Tests\CQELight.IoC.Microsoft.Extensions.DependencyInjection.Tests.csproj", "{6866BB74-E001-4D85-8434-45A6A896E5BE}"
EndProject
Project("{9A19103F-16F7-4668-BE54-9A1E7A4F7556}") = "CQELight.MVVM.Integration.Tests", "tests\CQELight.MVVM.Integration.Tests\CQELight.MVVM.Integration.Tests.csproj", "{87E817EE-9DA7-4CD4-8B81-C6EF9329B593}"
EndProject
Project("{9A19103F-16F7-4668-BE54-9A1E7A4F7556}") = "CQELight.MVVM.Tests", "tests\CQELight.MVVM.Tests\CQELight.MVVM.Tests.csproj", "{ED0B9619-C409-47D1-BB6F-C2B36EAC81BD}"
EndProject
Project("{9A19103F-16F7-4668-BE54-9A1E7A4F7556}") = "CQELight.TestFramework.Integration.Tests", "tests\CQELight.TestFramework.Integration.Tests\CQELight.TestFramework.Integration.Tests.csproj", "{EF38083E-C245-402B-B1A1-D5AB5410B21A}"
EndProject
Project("{9A19103F-16F7-4668-BE54-9A1E7A4F7556}") = "CQELight.TestFramework.MVVM.Tests", "tests\CQELight.TestFramework.MVVM.Tests\CQELight.TestFramework.MVVM.Tests.csproj", "{04C78CE2-05A0-4FF3-BC59-ACDB0C5F486E}"
EndProject
Project("{9A19103F-16F7-4668-BE54-9A1E7A4F7556}") = "CQELight.Tests", "tests\CQELight.Tests\CQELight.Tests.csproj", "{4B1CFCA0-F47E-4498-8B04-D4249C0CF119}"
EndProject
Project("{9A19103F-16F7-4668-BE54-9A1E7A4F7556}") = "CQELight", "src\CQELight\CQELight.csproj", "{18275F00-0ECC-464D-876B-D8BF67A9A9CE}"
EndProject
Project("{9A19103F-16F7-4668-BE54-9A1E7A4F7556}") = "CQELight.AspCore", "src\CQELight.AspCore\CQELight.AspCore.csproj", "{7583BC51-9226-4C49-AB94-A5BACF5EAEAC}"
EndProject
Project("{9A19103F-16F7-4668-BE54-9A1E7A4F7556}") = "CQELight.Buses.AzureServiceBus", "src\CQELight.Buses.AzureServiceBus\CQELight.Buses.AzureServiceBus.csproj", "{45ED7062-BAEF-43AB-9F46-E73B1DCE7D33}"
EndProject
Project("{9A19103F-16F7-4668-BE54-9A1E7A4F7556}") = "CQELight.Buses.InMemory", "src\CQELight.Buses.InMemory\CQELight.Buses.InMemory.csproj", "{D57FB511-E22C-473D-BFFA-F57E10502E7E}"
EndProject
Project("{9A19103F-16F7-4668-BE54-9A1E7A4F7556}") = "CQELight.Buses.RabbitMQ", "src\CQELight.Buses.RabbitMQ\CQELight.Buses.RabbitMQ.csproj", "{8CB2B293-0895-4B50-AE35-1E412697D268}"
EndProject
Project("{9A19103F-16F7-4668-BE54-9A1E7A4F7556}") = "CQELight.DAL.EFCore", "src\CQELight.DAL.EFCore\CQELight.DAL.EFCore.csproj", "{4741E350-01BD-4679-8AAB-1F9E5A0D114A}"
EndProject
Project("{9A19103F-16F7-4668-BE54-9A1E7A4F7556}") = "CQELight.DAL.MongoDb", "src\CQELight.DAL.MongoDb\CQELight.DAL.MongoDb.csproj", "{6167172F-018E-4CA3-8865-FD4781257E09}"
EndProject
Project("{9A19103F-16F7-4668-BE54-9A1E7A4F7556}") = "CQELight.EventStore.EFCore", "src\CQELight.EventStore.EFCore\CQELight.EventStore.EFCore.csproj", "{8F9D2007-A59A-45ED-80D1-0B10786BCC8A}"
EndProject
Project("{9A19103F-16F7-4668-BE54-9A1E7A4F7556}") = "CQELight.EventStore.MongoDb", "src\CQELight.EventStore.MongoDb\CQELight.EventStore.MongoDb.csproj", "{C0823ED9-7F40-4721-B657-8CA1834FE3A5}"
EndProject
Project("{9A19103F-16F7-4668-BE54-9A1E7A4F7556}") = "CQELight.IoC.Autofac", "src\CQELight.IoC.Autofac\CQELight.IoC.Autofac.csproj", "{F6E8D0E5-146C-48EE-B7A9-A0564B1366AC}"
EndProject
Project("{9A19103F-16F7-4668-BE54-9A1E7A4F7556}") = "CQELight.IoC.Microsoft.Extensions.DependencyInjection", "src\CQELight.IoC.Microsoft.Extensions.DependencyInjection\CQELight.IoC.Microsoft.Extensions.DependencyInjection.csproj", "{392721E1-E27C-4BA0-BFCC-FE140AF6DA37}"
EndProject
Project("{9A19103F-16F7-4668-BE54-9A1E7A4F7556}") = "CQELight.MVVM", "src\CQELight.MVVM\CQELight.MVVM.csproj", "{8EE51804-47C2-4BA7-9229-46AB26DAEC8E}"
EndProject
Project("{9A19103F-16F7-4668-BE54-9A1E7A4F7556}") = "CQELight.MVVM.MahApps", "src\CQELight.MVVM.MahApps\CQELight.MVVM.MahApps.csproj", "{211E7997-411A-45D3-9A69-E363E143CCFD}"
EndProject
Project("{9A19103F-16F7-4668-BE54-9A1E7A4F7556}") = "CQELight.TestFramework", "src\CQELight.TestFramework\CQELight.TestFramework.csproj", "{1A949FFE-12C1-43AA-A7C1-53AEF5047AE9}"
EndProject
Project("{9A19103F-16F7-4668-BE54-9A1E7A4F7556}") = "CQELight.TestFramework.MVVM", "src\CQELight.TestFramework.MVVM\CQELight.TestFramework.MVVM.csproj", "{8FFD24D3-6982-47CC-803D-49D4489EB89B}"
EndProject
Project("{9A19103F-16F7-4668-BE54-9A1E7A4F7556}") = "CQELight.MVVM.XamarinForms", "src\CQELight.MVVM.XamarinForms\CQELight.MVVM.XamarinForms.csproj", "{D69E7B0E-D52A-4FC6-9C3A-A2DDF32A3FC4}"
EndProject
Global
	GlobalSection(SolutionConfigurationPlatforms) = preSolution
		Debug|Any CPU = Debug|Any CPU
		Debug|x64 = Debug|x64
		Debug|x86 = Debug|x86
		Release|Any CPU = Release|Any CPU
		Release|x64 = Release|x64
		Release|x86 = Release|x86
	EndGlobalSection
	GlobalSection(ProjectConfigurationPlatforms) = postSolution
		{F2F32D5D-D798-43FF-BC57-7F21C39FDADE}.Debug|Any CPU.ActiveCfg = Debug|Any CPU
		{F2F32D5D-D798-43FF-BC57-7F21C39FDADE}.Debug|Any CPU.Build.0 = Debug|Any CPU
		{F2F32D5D-D798-43FF-BC57-7F21C39FDADE}.Debug|x64.ActiveCfg = Debug|Any CPU
		{F2F32D5D-D798-43FF-BC57-7F21C39FDADE}.Debug|x64.Build.0 = Debug|Any CPU
		{F2F32D5D-D798-43FF-BC57-7F21C39FDADE}.Debug|x86.ActiveCfg = Debug|Any CPU
		{F2F32D5D-D798-43FF-BC57-7F21C39FDADE}.Debug|x86.Build.0 = Debug|Any CPU
		{F2F32D5D-D798-43FF-BC57-7F21C39FDADE}.Release|Any CPU.ActiveCfg = Release|Any CPU
		{F2F32D5D-D798-43FF-BC57-7F21C39FDADE}.Release|Any CPU.Build.0 = Release|Any CPU
		{F2F32D5D-D798-43FF-BC57-7F21C39FDADE}.Release|x64.ActiveCfg = Release|Any CPU
		{F2F32D5D-D798-43FF-BC57-7F21C39FDADE}.Release|x64.Build.0 = Release|Any CPU
		{F2F32D5D-D798-43FF-BC57-7F21C39FDADE}.Release|x86.ActiveCfg = Release|Any CPU
		{F2F32D5D-D798-43FF-BC57-7F21C39FDADE}.Release|x86.Build.0 = Release|Any CPU
		{F338B654-63C5-43F3-A19A-F446E3971EB5}.Debug|Any CPU.ActiveCfg = Debug|Any CPU
		{F338B654-63C5-43F3-A19A-F446E3971EB5}.Debug|Any CPU.Build.0 = Debug|Any CPU
		{F338B654-63C5-43F3-A19A-F446E3971EB5}.Debug|x64.ActiveCfg = Debug|Any CPU
		{F338B654-63C5-43F3-A19A-F446E3971EB5}.Debug|x64.Build.0 = Debug|Any CPU
		{F338B654-63C5-43F3-A19A-F446E3971EB5}.Debug|x86.ActiveCfg = Debug|Any CPU
		{F338B654-63C5-43F3-A19A-F446E3971EB5}.Debug|x86.Build.0 = Debug|Any CPU
		{F338B654-63C5-43F3-A19A-F446E3971EB5}.Release|Any CPU.ActiveCfg = Release|Any CPU
		{F338B654-63C5-43F3-A19A-F446E3971EB5}.Release|Any CPU.Build.0 = Release|Any CPU
		{F338B654-63C5-43F3-A19A-F446E3971EB5}.Release|x64.ActiveCfg = Release|Any CPU
		{F338B654-63C5-43F3-A19A-F446E3971EB5}.Release|x64.Build.0 = Release|Any CPU
		{F338B654-63C5-43F3-A19A-F446E3971EB5}.Release|x86.ActiveCfg = Release|Any CPU
		{F338B654-63C5-43F3-A19A-F446E3971EB5}.Release|x86.Build.0 = Release|Any CPU
		{FB3382DB-A9B4-4808-8AFA-76BC92906298}.Debug|Any CPU.ActiveCfg = Debug|Any CPU
		{FB3382DB-A9B4-4808-8AFA-76BC92906298}.Debug|Any CPU.Build.0 = Debug|Any CPU
		{FB3382DB-A9B4-4808-8AFA-76BC92906298}.Debug|x64.ActiveCfg = Debug|Any CPU
		{FB3382DB-A9B4-4808-8AFA-76BC92906298}.Debug|x64.Build.0 = Debug|Any CPU
		{FB3382DB-A9B4-4808-8AFA-76BC92906298}.Debug|x86.ActiveCfg = Debug|Any CPU
		{FB3382DB-A9B4-4808-8AFA-76BC92906298}.Debug|x86.Build.0 = Debug|Any CPU
		{FB3382DB-A9B4-4808-8AFA-76BC92906298}.Release|Any CPU.ActiveCfg = Release|Any CPU
		{FB3382DB-A9B4-4808-8AFA-76BC92906298}.Release|Any CPU.Build.0 = Release|Any CPU
		{FB3382DB-A9B4-4808-8AFA-76BC92906298}.Release|x64.ActiveCfg = Release|Any CPU
		{FB3382DB-A9B4-4808-8AFA-76BC92906298}.Release|x64.Build.0 = Release|Any CPU
		{FB3382DB-A9B4-4808-8AFA-76BC92906298}.Release|x86.ActiveCfg = Release|Any CPU
		{FB3382DB-A9B4-4808-8AFA-76BC92906298}.Release|x86.Build.0 = Release|Any CPU
		{EC1FE507-231D-4407-88ED-8EBE9B5EBC8D}.Debug|Any CPU.ActiveCfg = Debug|Any CPU
		{EC1FE507-231D-4407-88ED-8EBE9B5EBC8D}.Debug|Any CPU.Build.0 = Debug|Any CPU
		{EC1FE507-231D-4407-88ED-8EBE9B5EBC8D}.Debug|x64.ActiveCfg = Debug|Any CPU
		{EC1FE507-231D-4407-88ED-8EBE9B5EBC8D}.Debug|x64.Build.0 = Debug|Any CPU
		{EC1FE507-231D-4407-88ED-8EBE9B5EBC8D}.Debug|x86.ActiveCfg = Debug|Any CPU
		{EC1FE507-231D-4407-88ED-8EBE9B5EBC8D}.Debug|x86.Build.0 = Debug|Any CPU
		{EC1FE507-231D-4407-88ED-8EBE9B5EBC8D}.Release|Any CPU.ActiveCfg = Release|Any CPU
		{EC1FE507-231D-4407-88ED-8EBE9B5EBC8D}.Release|Any CPU.Build.0 = Release|Any CPU
		{EC1FE507-231D-4407-88ED-8EBE9B5EBC8D}.Release|x64.ActiveCfg = Release|Any CPU
		{EC1FE507-231D-4407-88ED-8EBE9B5EBC8D}.Release|x64.Build.0 = Release|Any CPU
		{EC1FE507-231D-4407-88ED-8EBE9B5EBC8D}.Release|x86.ActiveCfg = Release|Any CPU
		{EC1FE507-231D-4407-88ED-8EBE9B5EBC8D}.Release|x86.Build.0 = Release|Any CPU
		{E34BC78D-0AF2-43FC-9A79-DB1ECF1F2DCC}.Debug|Any CPU.ActiveCfg = Debug|Any CPU
		{E34BC78D-0AF2-43FC-9A79-DB1ECF1F2DCC}.Debug|Any CPU.Build.0 = Debug|Any CPU
		{E34BC78D-0AF2-43FC-9A79-DB1ECF1F2DCC}.Debug|x64.ActiveCfg = Debug|Any CPU
		{E34BC78D-0AF2-43FC-9A79-DB1ECF1F2DCC}.Debug|x64.Build.0 = Debug|Any CPU
		{E34BC78D-0AF2-43FC-9A79-DB1ECF1F2DCC}.Debug|x86.ActiveCfg = Debug|Any CPU
		{E34BC78D-0AF2-43FC-9A79-DB1ECF1F2DCC}.Debug|x86.Build.0 = Debug|Any CPU
		{E34BC78D-0AF2-43FC-9A79-DB1ECF1F2DCC}.Release|Any CPU.ActiveCfg = Release|Any CPU
		{E34BC78D-0AF2-43FC-9A79-DB1ECF1F2DCC}.Release|Any CPU.Build.0 = Release|Any CPU
		{E34BC78D-0AF2-43FC-9A79-DB1ECF1F2DCC}.Release|x64.ActiveCfg = Release|Any CPU
		{E34BC78D-0AF2-43FC-9A79-DB1ECF1F2DCC}.Release|x64.Build.0 = Release|Any CPU
		{E34BC78D-0AF2-43FC-9A79-DB1ECF1F2DCC}.Release|x86.ActiveCfg = Release|Any CPU
		{E34BC78D-0AF2-43FC-9A79-DB1ECF1F2DCC}.Release|x86.Build.0 = Release|Any CPU
		{4F536D81-01C6-4347-B092-98E8A23C9877}.Debug|Any CPU.ActiveCfg = Debug|Any CPU
		{4F536D81-01C6-4347-B092-98E8A23C9877}.Debug|Any CPU.Build.0 = Debug|Any CPU
		{4F536D81-01C6-4347-B092-98E8A23C9877}.Debug|x64.ActiveCfg = Debug|Any CPU
		{4F536D81-01C6-4347-B092-98E8A23C9877}.Debug|x64.Build.0 = Debug|Any CPU
		{4F536D81-01C6-4347-B092-98E8A23C9877}.Debug|x86.ActiveCfg = Debug|Any CPU
		{4F536D81-01C6-4347-B092-98E8A23C9877}.Debug|x86.Build.0 = Debug|Any CPU
		{4F536D81-01C6-4347-B092-98E8A23C9877}.Release|Any CPU.ActiveCfg = Release|Any CPU
		{4F536D81-01C6-4347-B092-98E8A23C9877}.Release|Any CPU.Build.0 = Release|Any CPU
		{4F536D81-01C6-4347-B092-98E8A23C9877}.Release|x64.ActiveCfg = Release|Any CPU
		{4F536D81-01C6-4347-B092-98E8A23C9877}.Release|x64.Build.0 = Release|Any CPU
		{4F536D81-01C6-4347-B092-98E8A23C9877}.Release|x86.ActiveCfg = Release|Any CPU
		{4F536D81-01C6-4347-B092-98E8A23C9877}.Release|x86.Build.0 = Release|Any CPU
		{453E6D65-95B7-4A22-9AC1-A310FD0B2A92}.Debug|Any CPU.ActiveCfg = Debug|Any CPU
		{453E6D65-95B7-4A22-9AC1-A310FD0B2A92}.Debug|Any CPU.Build.0 = Debug|Any CPU
		{453E6D65-95B7-4A22-9AC1-A310FD0B2A92}.Debug|x64.ActiveCfg = Debug|Any CPU
		{453E6D65-95B7-4A22-9AC1-A310FD0B2A92}.Debug|x64.Build.0 = Debug|Any CPU
		{453E6D65-95B7-4A22-9AC1-A310FD0B2A92}.Debug|x86.ActiveCfg = Debug|Any CPU
		{453E6D65-95B7-4A22-9AC1-A310FD0B2A92}.Debug|x86.Build.0 = Debug|Any CPU
		{453E6D65-95B7-4A22-9AC1-A310FD0B2A92}.Release|Any CPU.ActiveCfg = Release|Any CPU
		{453E6D65-95B7-4A22-9AC1-A310FD0B2A92}.Release|Any CPU.Build.0 = Release|Any CPU
		{453E6D65-95B7-4A22-9AC1-A310FD0B2A92}.Release|x64.ActiveCfg = Release|Any CPU
		{453E6D65-95B7-4A22-9AC1-A310FD0B2A92}.Release|x64.Build.0 = Release|Any CPU
		{453E6D65-95B7-4A22-9AC1-A310FD0B2A92}.Release|x86.ActiveCfg = Release|Any CPU
		{453E6D65-95B7-4A22-9AC1-A310FD0B2A92}.Release|x86.Build.0 = Release|Any CPU
		{329A6CF8-D3AE-4D7B-844A-07FBBAEA0DC4}.Debug|Any CPU.ActiveCfg = Debug|Any CPU
		{329A6CF8-D3AE-4D7B-844A-07FBBAEA0DC4}.Debug|Any CPU.Build.0 = Debug|Any CPU
		{329A6CF8-D3AE-4D7B-844A-07FBBAEA0DC4}.Debug|x64.ActiveCfg = Debug|Any CPU
		{329A6CF8-D3AE-4D7B-844A-07FBBAEA0DC4}.Debug|x64.Build.0 = Debug|Any CPU
		{329A6CF8-D3AE-4D7B-844A-07FBBAEA0DC4}.Debug|x86.ActiveCfg = Debug|Any CPU
		{329A6CF8-D3AE-4D7B-844A-07FBBAEA0DC4}.Debug|x86.Build.0 = Debug|Any CPU
		{329A6CF8-D3AE-4D7B-844A-07FBBAEA0DC4}.Release|Any CPU.ActiveCfg = Release|Any CPU
		{329A6CF8-D3AE-4D7B-844A-07FBBAEA0DC4}.Release|Any CPU.Build.0 = Release|Any CPU
		{329A6CF8-D3AE-4D7B-844A-07FBBAEA0DC4}.Release|x64.ActiveCfg = Release|Any CPU
		{329A6CF8-D3AE-4D7B-844A-07FBBAEA0DC4}.Release|x64.Build.0 = Release|Any CPU
		{329A6CF8-D3AE-4D7B-844A-07FBBAEA0DC4}.Release|x86.ActiveCfg = Release|Any CPU
		{329A6CF8-D3AE-4D7B-844A-07FBBAEA0DC4}.Release|x86.Build.0 = Release|Any CPU
		{7D727E4B-6C64-42D3-B74F-4BFF5532219F}.Debug|Any CPU.ActiveCfg = Debug|Any CPU
		{7D727E4B-6C64-42D3-B74F-4BFF5532219F}.Debug|Any CPU.Build.0 = Debug|Any CPU
		{7D727E4B-6C64-42D3-B74F-4BFF5532219F}.Debug|x64.ActiveCfg = Debug|Any CPU
		{7D727E4B-6C64-42D3-B74F-4BFF5532219F}.Debug|x64.Build.0 = Debug|Any CPU
		{7D727E4B-6C64-42D3-B74F-4BFF5532219F}.Debug|x86.ActiveCfg = Debug|Any CPU
		{7D727E4B-6C64-42D3-B74F-4BFF5532219F}.Debug|x86.Build.0 = Debug|Any CPU
		{7D727E4B-6C64-42D3-B74F-4BFF5532219F}.Release|Any CPU.ActiveCfg = Release|Any CPU
		{7D727E4B-6C64-42D3-B74F-4BFF5532219F}.Release|Any CPU.Build.0 = Release|Any CPU
		{7D727E4B-6C64-42D3-B74F-4BFF5532219F}.Release|x64.ActiveCfg = Release|Any CPU
		{7D727E4B-6C64-42D3-B74F-4BFF5532219F}.Release|x64.Build.0 = Release|Any CPU
		{7D727E4B-6C64-42D3-B74F-4BFF5532219F}.Release|x86.ActiveCfg = Release|Any CPU
		{7D727E4B-6C64-42D3-B74F-4BFF5532219F}.Release|x86.Build.0 = Release|Any CPU
		{6866BB74-E001-4D85-8434-45A6A896E5BE}.Debug|Any CPU.ActiveCfg = Debug|Any CPU
		{6866BB74-E001-4D85-8434-45A6A896E5BE}.Debug|Any CPU.Build.0 = Debug|Any CPU
		{6866BB74-E001-4D85-8434-45A6A896E5BE}.Debug|x64.ActiveCfg = Debug|Any CPU
		{6866BB74-E001-4D85-8434-45A6A896E5BE}.Debug|x64.Build.0 = Debug|Any CPU
		{6866BB74-E001-4D85-8434-45A6A896E5BE}.Debug|x86.ActiveCfg = Debug|Any CPU
		{6866BB74-E001-4D85-8434-45A6A896E5BE}.Debug|x86.Build.0 = Debug|Any CPU
		{6866BB74-E001-4D85-8434-45A6A896E5BE}.Release|Any CPU.ActiveCfg = Release|Any CPU
		{6866BB74-E001-4D85-8434-45A6A896E5BE}.Release|Any CPU.Build.0 = Release|Any CPU
		{6866BB74-E001-4D85-8434-45A6A896E5BE}.Release|x64.ActiveCfg = Release|Any CPU
		{6866BB74-E001-4D85-8434-45A6A896E5BE}.Release|x64.Build.0 = Release|Any CPU
		{6866BB74-E001-4D85-8434-45A6A896E5BE}.Release|x86.ActiveCfg = Release|Any CPU
		{6866BB74-E001-4D85-8434-45A6A896E5BE}.Release|x86.Build.0 = Release|Any CPU
		{87E817EE-9DA7-4CD4-8B81-C6EF9329B593}.Debug|Any CPU.ActiveCfg = Debug|Any CPU
		{87E817EE-9DA7-4CD4-8B81-C6EF9329B593}.Debug|Any CPU.Build.0 = Debug|Any CPU
		{87E817EE-9DA7-4CD4-8B81-C6EF9329B593}.Debug|x64.ActiveCfg = Debug|Any CPU
		{87E817EE-9DA7-4CD4-8B81-C6EF9329B593}.Debug|x64.Build.0 = Debug|Any CPU
		{87E817EE-9DA7-4CD4-8B81-C6EF9329B593}.Debug|x86.ActiveCfg = Debug|Any CPU
		{87E817EE-9DA7-4CD4-8B81-C6EF9329B593}.Debug|x86.Build.0 = Debug|Any CPU
		{87E817EE-9DA7-4CD4-8B81-C6EF9329B593}.Release|Any CPU.ActiveCfg = Release|Any CPU
		{87E817EE-9DA7-4CD4-8B81-C6EF9329B593}.Release|Any CPU.Build.0 = Release|Any CPU
		{87E817EE-9DA7-4CD4-8B81-C6EF9329B593}.Release|x64.ActiveCfg = Release|Any CPU
		{87E817EE-9DA7-4CD4-8B81-C6EF9329B593}.Release|x64.Build.0 = Release|Any CPU
		{87E817EE-9DA7-4CD4-8B81-C6EF9329B593}.Release|x86.ActiveCfg = Release|Any CPU
		{87E817EE-9DA7-4CD4-8B81-C6EF9329B593}.Release|x86.Build.0 = Release|Any CPU
		{ED0B9619-C409-47D1-BB6F-C2B36EAC81BD}.Debug|Any CPU.ActiveCfg = Debug|Any CPU
		{ED0B9619-C409-47D1-BB6F-C2B36EAC81BD}.Debug|Any CPU.Build.0 = Debug|Any CPU
		{ED0B9619-C409-47D1-BB6F-C2B36EAC81BD}.Debug|x64.ActiveCfg = Debug|Any CPU
		{ED0B9619-C409-47D1-BB6F-C2B36EAC81BD}.Debug|x64.Build.0 = Debug|Any CPU
		{ED0B9619-C409-47D1-BB6F-C2B36EAC81BD}.Debug|x86.ActiveCfg = Debug|Any CPU
		{ED0B9619-C409-47D1-BB6F-C2B36EAC81BD}.Debug|x86.Build.0 = Debug|Any CPU
		{ED0B9619-C409-47D1-BB6F-C2B36EAC81BD}.Release|Any CPU.ActiveCfg = Release|Any CPU
		{ED0B9619-C409-47D1-BB6F-C2B36EAC81BD}.Release|Any CPU.Build.0 = Release|Any CPU
		{ED0B9619-C409-47D1-BB6F-C2B36EAC81BD}.Release|x64.ActiveCfg = Release|Any CPU
		{ED0B9619-C409-47D1-BB6F-C2B36EAC81BD}.Release|x64.Build.0 = Release|Any CPU
		{ED0B9619-C409-47D1-BB6F-C2B36EAC81BD}.Release|x86.ActiveCfg = Release|Any CPU
		{ED0B9619-C409-47D1-BB6F-C2B36EAC81BD}.Release|x86.Build.0 = Release|Any CPU
		{EF38083E-C245-402B-B1A1-D5AB5410B21A}.Debug|Any CPU.ActiveCfg = Debug|Any CPU
		{EF38083E-C245-402B-B1A1-D5AB5410B21A}.Debug|Any CPU.Build.0 = Debug|Any CPU
		{EF38083E-C245-402B-B1A1-D5AB5410B21A}.Debug|x64.ActiveCfg = Debug|Any CPU
		{EF38083E-C245-402B-B1A1-D5AB5410B21A}.Debug|x64.Build.0 = Debug|Any CPU
		{EF38083E-C245-402B-B1A1-D5AB5410B21A}.Debug|x86.ActiveCfg = Debug|Any CPU
		{EF38083E-C245-402B-B1A1-D5AB5410B21A}.Debug|x86.Build.0 = Debug|Any CPU
		{EF38083E-C245-402B-B1A1-D5AB5410B21A}.Release|Any CPU.ActiveCfg = Release|Any CPU
		{EF38083E-C245-402B-B1A1-D5AB5410B21A}.Release|Any CPU.Build.0 = Release|Any CPU
		{EF38083E-C245-402B-B1A1-D5AB5410B21A}.Release|x64.ActiveCfg = Release|Any CPU
		{EF38083E-C245-402B-B1A1-D5AB5410B21A}.Release|x64.Build.0 = Release|Any CPU
		{EF38083E-C245-402B-B1A1-D5AB5410B21A}.Release|x86.ActiveCfg = Release|Any CPU
		{EF38083E-C245-402B-B1A1-D5AB5410B21A}.Release|x86.Build.0 = Release|Any CPU
		{04C78CE2-05A0-4FF3-BC59-ACDB0C5F486E}.Debug|Any CPU.ActiveCfg = Debug|Any CPU
		{04C78CE2-05A0-4FF3-BC59-ACDB0C5F486E}.Debug|Any CPU.Build.0 = Debug|Any CPU
		{04C78CE2-05A0-4FF3-BC59-ACDB0C5F486E}.Debug|x64.ActiveCfg = Debug|Any CPU
		{04C78CE2-05A0-4FF3-BC59-ACDB0C5F486E}.Debug|x64.Build.0 = Debug|Any CPU
		{04C78CE2-05A0-4FF3-BC59-ACDB0C5F486E}.Debug|x86.ActiveCfg = Debug|Any CPU
		{04C78CE2-05A0-4FF3-BC59-ACDB0C5F486E}.Debug|x86.Build.0 = Debug|Any CPU
		{04C78CE2-05A0-4FF3-BC59-ACDB0C5F486E}.Release|Any CPU.ActiveCfg = Release|Any CPU
		{04C78CE2-05A0-4FF3-BC59-ACDB0C5F486E}.Release|Any CPU.Build.0 = Release|Any CPU
		{04C78CE2-05A0-4FF3-BC59-ACDB0C5F486E}.Release|x64.ActiveCfg = Release|Any CPU
		{04C78CE2-05A0-4FF3-BC59-ACDB0C5F486E}.Release|x64.Build.0 = Release|Any CPU
		{04C78CE2-05A0-4FF3-BC59-ACDB0C5F486E}.Release|x86.ActiveCfg = Release|Any CPU
		{04C78CE2-05A0-4FF3-BC59-ACDB0C5F486E}.Release|x86.Build.0 = Release|Any CPU
		{4B1CFCA0-F47E-4498-8B04-D4249C0CF119}.Debug|Any CPU.ActiveCfg = Debug|Any CPU
		{4B1CFCA0-F47E-4498-8B04-D4249C0CF119}.Debug|Any CPU.Build.0 = Debug|Any CPU
		{4B1CFCA0-F47E-4498-8B04-D4249C0CF119}.Debug|x64.ActiveCfg = Debug|Any CPU
		{4B1CFCA0-F47E-4498-8B04-D4249C0CF119}.Debug|x64.Build.0 = Debug|Any CPU
		{4B1CFCA0-F47E-4498-8B04-D4249C0CF119}.Debug|x86.ActiveCfg = Debug|Any CPU
		{4B1CFCA0-F47E-4498-8B04-D4249C0CF119}.Debug|x86.Build.0 = Debug|Any CPU
		{4B1CFCA0-F47E-4498-8B04-D4249C0CF119}.Release|Any CPU.ActiveCfg = Release|Any CPU
		{4B1CFCA0-F47E-4498-8B04-D4249C0CF119}.Release|Any CPU.Build.0 = Release|Any CPU
		{4B1CFCA0-F47E-4498-8B04-D4249C0CF119}.Release|x64.ActiveCfg = Release|Any CPU
		{4B1CFCA0-F47E-4498-8B04-D4249C0CF119}.Release|x64.Build.0 = Release|Any CPU
		{4B1CFCA0-F47E-4498-8B04-D4249C0CF119}.Release|x86.ActiveCfg = Release|Any CPU
		{4B1CFCA0-F47E-4498-8B04-D4249C0CF119}.Release|x86.Build.0 = Release|Any CPU
		{18275F00-0ECC-464D-876B-D8BF67A9A9CE}.Debug|Any CPU.ActiveCfg = Debug|Any CPU
		{18275F00-0ECC-464D-876B-D8BF67A9A9CE}.Debug|Any CPU.Build.0 = Debug|Any CPU
		{18275F00-0ECC-464D-876B-D8BF67A9A9CE}.Debug|x64.ActiveCfg = Debug|Any CPU
		{18275F00-0ECC-464D-876B-D8BF67A9A9CE}.Debug|x64.Build.0 = Debug|Any CPU
		{18275F00-0ECC-464D-876B-D8BF67A9A9CE}.Debug|x86.ActiveCfg = Debug|Any CPU
		{18275F00-0ECC-464D-876B-D8BF67A9A9CE}.Debug|x86.Build.0 = Debug|Any CPU
		{18275F00-0ECC-464D-876B-D8BF67A9A9CE}.Release|Any CPU.ActiveCfg = Release|Any CPU
		{18275F00-0ECC-464D-876B-D8BF67A9A9CE}.Release|Any CPU.Build.0 = Release|Any CPU
		{18275F00-0ECC-464D-876B-D8BF67A9A9CE}.Release|x64.ActiveCfg = Release|Any CPU
		{18275F00-0ECC-464D-876B-D8BF67A9A9CE}.Release|x64.Build.0 = Release|Any CPU
		{18275F00-0ECC-464D-876B-D8BF67A9A9CE}.Release|x86.ActiveCfg = Release|Any CPU
		{18275F00-0ECC-464D-876B-D8BF67A9A9CE}.Release|x86.Build.0 = Release|Any CPU
		{7583BC51-9226-4C49-AB94-A5BACF5EAEAC}.Debug|Any CPU.ActiveCfg = Debug|Any CPU
		{7583BC51-9226-4C49-AB94-A5BACF5EAEAC}.Debug|Any CPU.Build.0 = Debug|Any CPU
		{7583BC51-9226-4C49-AB94-A5BACF5EAEAC}.Debug|x64.ActiveCfg = Debug|Any CPU
		{7583BC51-9226-4C49-AB94-A5BACF5EAEAC}.Debug|x64.Build.0 = Debug|Any CPU
		{7583BC51-9226-4C49-AB94-A5BACF5EAEAC}.Debug|x86.ActiveCfg = Debug|Any CPU
		{7583BC51-9226-4C49-AB94-A5BACF5EAEAC}.Debug|x86.Build.0 = Debug|Any CPU
		{7583BC51-9226-4C49-AB94-A5BACF5EAEAC}.Release|Any CPU.ActiveCfg = Release|Any CPU
		{7583BC51-9226-4C49-AB94-A5BACF5EAEAC}.Release|Any CPU.Build.0 = Release|Any CPU
		{7583BC51-9226-4C49-AB94-A5BACF5EAEAC}.Release|x64.ActiveCfg = Release|Any CPU
		{7583BC51-9226-4C49-AB94-A5BACF5EAEAC}.Release|x64.Build.0 = Release|Any CPU
		{7583BC51-9226-4C49-AB94-A5BACF5EAEAC}.Release|x86.ActiveCfg = Release|Any CPU
		{7583BC51-9226-4C49-AB94-A5BACF5EAEAC}.Release|x86.Build.0 = Release|Any CPU
		{45ED7062-BAEF-43AB-9F46-E73B1DCE7D33}.Debug|Any CPU.ActiveCfg = Debug|Any CPU
		{45ED7062-BAEF-43AB-9F46-E73B1DCE7D33}.Debug|Any CPU.Build.0 = Debug|Any CPU
		{45ED7062-BAEF-43AB-9F46-E73B1DCE7D33}.Debug|x64.ActiveCfg = Debug|Any CPU
		{45ED7062-BAEF-43AB-9F46-E73B1DCE7D33}.Debug|x64.Build.0 = Debug|Any CPU
		{45ED7062-BAEF-43AB-9F46-E73B1DCE7D33}.Debug|x86.ActiveCfg = Debug|Any CPU
		{45ED7062-BAEF-43AB-9F46-E73B1DCE7D33}.Debug|x86.Build.0 = Debug|Any CPU
		{45ED7062-BAEF-43AB-9F46-E73B1DCE7D33}.Release|Any CPU.ActiveCfg = Release|Any CPU
		{45ED7062-BAEF-43AB-9F46-E73B1DCE7D33}.Release|Any CPU.Build.0 = Release|Any CPU
		{45ED7062-BAEF-43AB-9F46-E73B1DCE7D33}.Release|x64.ActiveCfg = Release|Any CPU
		{45ED7062-BAEF-43AB-9F46-E73B1DCE7D33}.Release|x64.Build.0 = Release|Any CPU
		{45ED7062-BAEF-43AB-9F46-E73B1DCE7D33}.Release|x86.ActiveCfg = Release|Any CPU
		{45ED7062-BAEF-43AB-9F46-E73B1DCE7D33}.Release|x86.Build.0 = Release|Any CPU
		{D57FB511-E22C-473D-BFFA-F57E10502E7E}.Debug|Any CPU.ActiveCfg = Debug|Any CPU
		{D57FB511-E22C-473D-BFFA-F57E10502E7E}.Debug|Any CPU.Build.0 = Debug|Any CPU
		{D57FB511-E22C-473D-BFFA-F57E10502E7E}.Debug|x64.ActiveCfg = Debug|Any CPU
		{D57FB511-E22C-473D-BFFA-F57E10502E7E}.Debug|x64.Build.0 = Debug|Any CPU
		{D57FB511-E22C-473D-BFFA-F57E10502E7E}.Debug|x86.ActiveCfg = Debug|Any CPU
		{D57FB511-E22C-473D-BFFA-F57E10502E7E}.Debug|x86.Build.0 = Debug|Any CPU
		{D57FB511-E22C-473D-BFFA-F57E10502E7E}.Release|Any CPU.ActiveCfg = Release|Any CPU
		{D57FB511-E22C-473D-BFFA-F57E10502E7E}.Release|Any CPU.Build.0 = Release|Any CPU
		{D57FB511-E22C-473D-BFFA-F57E10502E7E}.Release|x64.ActiveCfg = Release|Any CPU
		{D57FB511-E22C-473D-BFFA-F57E10502E7E}.Release|x64.Build.0 = Release|Any CPU
		{D57FB511-E22C-473D-BFFA-F57E10502E7E}.Release|x86.ActiveCfg = Release|Any CPU
		{D57FB511-E22C-473D-BFFA-F57E10502E7E}.Release|x86.Build.0 = Release|Any CPU
		{8CB2B293-0895-4B50-AE35-1E412697D268}.Debug|Any CPU.ActiveCfg = Debug|Any CPU
		{8CB2B293-0895-4B50-AE35-1E412697D268}.Debug|Any CPU.Build.0 = Debug|Any CPU
		{8CB2B293-0895-4B50-AE35-1E412697D268}.Debug|x64.ActiveCfg = Debug|Any CPU
		{8CB2B293-0895-4B50-AE35-1E412697D268}.Debug|x64.Build.0 = Debug|Any CPU
		{8CB2B293-0895-4B50-AE35-1E412697D268}.Debug|x86.ActiveCfg = Debug|Any CPU
		{8CB2B293-0895-4B50-AE35-1E412697D268}.Debug|x86.Build.0 = Debug|Any CPU
		{8CB2B293-0895-4B50-AE35-1E412697D268}.Release|Any CPU.ActiveCfg = Release|Any CPU
		{8CB2B293-0895-4B50-AE35-1E412697D268}.Release|Any CPU.Build.0 = Release|Any CPU
		{8CB2B293-0895-4B50-AE35-1E412697D268}.Release|x64.ActiveCfg = Release|Any CPU
		{8CB2B293-0895-4B50-AE35-1E412697D268}.Release|x64.Build.0 = Release|Any CPU
		{8CB2B293-0895-4B50-AE35-1E412697D268}.Release|x86.ActiveCfg = Release|Any CPU
		{8CB2B293-0895-4B50-AE35-1E412697D268}.Release|x86.Build.0 = Release|Any CPU
		{4741E350-01BD-4679-8AAB-1F9E5A0D114A}.Debug|Any CPU.ActiveCfg = Debug|Any CPU
		{4741E350-01BD-4679-8AAB-1F9E5A0D114A}.Debug|Any CPU.Build.0 = Debug|Any CPU
		{4741E350-01BD-4679-8AAB-1F9E5A0D114A}.Debug|x64.ActiveCfg = Debug|Any CPU
		{4741E350-01BD-4679-8AAB-1F9E5A0D114A}.Debug|x64.Build.0 = Debug|Any CPU
		{4741E350-01BD-4679-8AAB-1F9E5A0D114A}.Debug|x86.ActiveCfg = Debug|Any CPU
		{4741E350-01BD-4679-8AAB-1F9E5A0D114A}.Debug|x86.Build.0 = Debug|Any CPU
		{4741E350-01BD-4679-8AAB-1F9E5A0D114A}.Release|Any CPU.ActiveCfg = Release|Any CPU
		{4741E350-01BD-4679-8AAB-1F9E5A0D114A}.Release|Any CPU.Build.0 = Release|Any CPU
		{4741E350-01BD-4679-8AAB-1F9E5A0D114A}.Release|x64.ActiveCfg = Release|Any CPU
		{4741E350-01BD-4679-8AAB-1F9E5A0D114A}.Release|x64.Build.0 = Release|Any CPU
		{4741E350-01BD-4679-8AAB-1F9E5A0D114A}.Release|x86.ActiveCfg = Release|Any CPU
		{4741E350-01BD-4679-8AAB-1F9E5A0D114A}.Release|x86.Build.0 = Release|Any CPU
		{6167172F-018E-4CA3-8865-FD4781257E09}.Debug|Any CPU.ActiveCfg = Debug|Any CPU
		{6167172F-018E-4CA3-8865-FD4781257E09}.Debug|Any CPU.Build.0 = Debug|Any CPU
		{6167172F-018E-4CA3-8865-FD4781257E09}.Debug|x64.ActiveCfg = Debug|Any CPU
		{6167172F-018E-4CA3-8865-FD4781257E09}.Debug|x64.Build.0 = Debug|Any CPU
		{6167172F-018E-4CA3-8865-FD4781257E09}.Debug|x86.ActiveCfg = Debug|Any CPU
		{6167172F-018E-4CA3-8865-FD4781257E09}.Debug|x86.Build.0 = Debug|Any CPU
		{6167172F-018E-4CA3-8865-FD4781257E09}.Release|Any CPU.ActiveCfg = Release|Any CPU
		{6167172F-018E-4CA3-8865-FD4781257E09}.Release|Any CPU.Build.0 = Release|Any CPU
		{6167172F-018E-4CA3-8865-FD4781257E09}.Release|x64.ActiveCfg = Release|Any CPU
		{6167172F-018E-4CA3-8865-FD4781257E09}.Release|x64.Build.0 = Release|Any CPU
		{6167172F-018E-4CA3-8865-FD4781257E09}.Release|x86.ActiveCfg = Release|Any CPU
		{6167172F-018E-4CA3-8865-FD4781257E09}.Release|x86.Build.0 = Release|Any CPU
		{8F9D2007-A59A-45ED-80D1-0B10786BCC8A}.Debug|Any CPU.ActiveCfg = Debug|Any CPU
		{8F9D2007-A59A-45ED-80D1-0B10786BCC8A}.Debug|Any CPU.Build.0 = Debug|Any CPU
		{8F9D2007-A59A-45ED-80D1-0B10786BCC8A}.Debug|x64.ActiveCfg = Debug|Any CPU
		{8F9D2007-A59A-45ED-80D1-0B10786BCC8A}.Debug|x64.Build.0 = Debug|Any CPU
		{8F9D2007-A59A-45ED-80D1-0B10786BCC8A}.Debug|x86.ActiveCfg = Debug|Any CPU
		{8F9D2007-A59A-45ED-80D1-0B10786BCC8A}.Debug|x86.Build.0 = Debug|Any CPU
		{8F9D2007-A59A-45ED-80D1-0B10786BCC8A}.Release|Any CPU.ActiveCfg = Release|Any CPU
		{8F9D2007-A59A-45ED-80D1-0B10786BCC8A}.Release|Any CPU.Build.0 = Release|Any CPU
		{8F9D2007-A59A-45ED-80D1-0B10786BCC8A}.Release|x64.ActiveCfg = Release|Any CPU
		{8F9D2007-A59A-45ED-80D1-0B10786BCC8A}.Release|x64.Build.0 = Release|Any CPU
		{8F9D2007-A59A-45ED-80D1-0B10786BCC8A}.Release|x86.ActiveCfg = Release|Any CPU
		{8F9D2007-A59A-45ED-80D1-0B10786BCC8A}.Release|x86.Build.0 = Release|Any CPU
		{C0823ED9-7F40-4721-B657-8CA1834FE3A5}.Debug|Any CPU.ActiveCfg = Debug|Any CPU
		{C0823ED9-7F40-4721-B657-8CA1834FE3A5}.Debug|Any CPU.Build.0 = Debug|Any CPU
		{C0823ED9-7F40-4721-B657-8CA1834FE3A5}.Debug|x64.ActiveCfg = Debug|Any CPU
		{C0823ED9-7F40-4721-B657-8CA1834FE3A5}.Debug|x64.Build.0 = Debug|Any CPU
		{C0823ED9-7F40-4721-B657-8CA1834FE3A5}.Debug|x86.ActiveCfg = Debug|Any CPU
		{C0823ED9-7F40-4721-B657-8CA1834FE3A5}.Debug|x86.Build.0 = Debug|Any CPU
		{C0823ED9-7F40-4721-B657-8CA1834FE3A5}.Release|Any CPU.ActiveCfg = Release|Any CPU
		{C0823ED9-7F40-4721-B657-8CA1834FE3A5}.Release|Any CPU.Build.0 = Release|Any CPU
		{C0823ED9-7F40-4721-B657-8CA1834FE3A5}.Release|x64.ActiveCfg = Release|Any CPU
		{C0823ED9-7F40-4721-B657-8CA1834FE3A5}.Release|x64.Build.0 = Release|Any CPU
		{C0823ED9-7F40-4721-B657-8CA1834FE3A5}.Release|x86.ActiveCfg = Release|Any CPU
		{C0823ED9-7F40-4721-B657-8CA1834FE3A5}.Release|x86.Build.0 = Release|Any CPU
		{F6E8D0E5-146C-48EE-B7A9-A0564B1366AC}.Debug|Any CPU.ActiveCfg = Debug|Any CPU
		{F6E8D0E5-146C-48EE-B7A9-A0564B1366AC}.Debug|Any CPU.Build.0 = Debug|Any CPU
		{F6E8D0E5-146C-48EE-B7A9-A0564B1366AC}.Debug|x64.ActiveCfg = Debug|Any CPU
		{F6E8D0E5-146C-48EE-B7A9-A0564B1366AC}.Debug|x64.Build.0 = Debug|Any CPU
		{F6E8D0E5-146C-48EE-B7A9-A0564B1366AC}.Debug|x86.ActiveCfg = Debug|Any CPU
		{F6E8D0E5-146C-48EE-B7A9-A0564B1366AC}.Debug|x86.Build.0 = Debug|Any CPU
		{F6E8D0E5-146C-48EE-B7A9-A0564B1366AC}.Release|Any CPU.ActiveCfg = Release|Any CPU
		{F6E8D0E5-146C-48EE-B7A9-A0564B1366AC}.Release|Any CPU.Build.0 = Release|Any CPU
		{F6E8D0E5-146C-48EE-B7A9-A0564B1366AC}.Release|x64.ActiveCfg = Release|Any CPU
		{F6E8D0E5-146C-48EE-B7A9-A0564B1366AC}.Release|x64.Build.0 = Release|Any CPU
		{F6E8D0E5-146C-48EE-B7A9-A0564B1366AC}.Release|x86.ActiveCfg = Release|Any CPU
		{F6E8D0E5-146C-48EE-B7A9-A0564B1366AC}.Release|x86.Build.0 = Release|Any CPU
		{392721E1-E27C-4BA0-BFCC-FE140AF6DA37}.Debug|Any CPU.ActiveCfg = Debug|Any CPU
		{392721E1-E27C-4BA0-BFCC-FE140AF6DA37}.Debug|Any CPU.Build.0 = Debug|Any CPU
		{392721E1-E27C-4BA0-BFCC-FE140AF6DA37}.Debug|x64.ActiveCfg = Debug|Any CPU
		{392721E1-E27C-4BA0-BFCC-FE140AF6DA37}.Debug|x64.Build.0 = Debug|Any CPU
		{392721E1-E27C-4BA0-BFCC-FE140AF6DA37}.Debug|x86.ActiveCfg = Debug|Any CPU
		{392721E1-E27C-4BA0-BFCC-FE140AF6DA37}.Debug|x86.Build.0 = Debug|Any CPU
		{392721E1-E27C-4BA0-BFCC-FE140AF6DA37}.Release|Any CPU.ActiveCfg = Release|Any CPU
		{392721E1-E27C-4BA0-BFCC-FE140AF6DA37}.Release|Any CPU.Build.0 = Release|Any CPU
		{392721E1-E27C-4BA0-BFCC-FE140AF6DA37}.Release|x64.ActiveCfg = Release|Any CPU
		{392721E1-E27C-4BA0-BFCC-FE140AF6DA37}.Release|x64.Build.0 = Release|Any CPU
		{392721E1-E27C-4BA0-BFCC-FE140AF6DA37}.Release|x86.ActiveCfg = Release|Any CPU
		{392721E1-E27C-4BA0-BFCC-FE140AF6DA37}.Release|x86.Build.0 = Release|Any CPU
		{8EE51804-47C2-4BA7-9229-46AB26DAEC8E}.Debug|Any CPU.ActiveCfg = Debug|Any CPU
		{8EE51804-47C2-4BA7-9229-46AB26DAEC8E}.Debug|Any CPU.Build.0 = Debug|Any CPU
		{8EE51804-47C2-4BA7-9229-46AB26DAEC8E}.Debug|x64.ActiveCfg = Debug|Any CPU
		{8EE51804-47C2-4BA7-9229-46AB26DAEC8E}.Debug|x64.Build.0 = Debug|Any CPU
		{8EE51804-47C2-4BA7-9229-46AB26DAEC8E}.Debug|x86.ActiveCfg = Debug|Any CPU
		{8EE51804-47C2-4BA7-9229-46AB26DAEC8E}.Debug|x86.Build.0 = Debug|Any CPU
		{8EE51804-47C2-4BA7-9229-46AB26DAEC8E}.Release|Any CPU.ActiveCfg = Release|Any CPU
		{8EE51804-47C2-4BA7-9229-46AB26DAEC8E}.Release|Any CPU.Build.0 = Release|Any CPU
		{8EE51804-47C2-4BA7-9229-46AB26DAEC8E}.Release|x64.ActiveCfg = Release|Any CPU
		{8EE51804-47C2-4BA7-9229-46AB26DAEC8E}.Release|x64.Build.0 = Release|Any CPU
		{8EE51804-47C2-4BA7-9229-46AB26DAEC8E}.Release|x86.ActiveCfg = Release|Any CPU
		{8EE51804-47C2-4BA7-9229-46AB26DAEC8E}.Release|x86.Build.0 = Release|Any CPU
		{211E7997-411A-45D3-9A69-E363E143CCFD}.Debug|Any CPU.ActiveCfg = Debug|Any CPU
		{211E7997-411A-45D3-9A69-E363E143CCFD}.Debug|Any CPU.Build.0 = Debug|Any CPU
		{211E7997-411A-45D3-9A69-E363E143CCFD}.Debug|x64.ActiveCfg = Debug|Any CPU
		{211E7997-411A-45D3-9A69-E363E143CCFD}.Debug|x64.Build.0 = Debug|Any CPU
		{211E7997-411A-45D3-9A69-E363E143CCFD}.Debug|x86.ActiveCfg = Debug|Any CPU
		{211E7997-411A-45D3-9A69-E363E143CCFD}.Debug|x86.Build.0 = Debug|Any CPU
		{211E7997-411A-45D3-9A69-E363E143CCFD}.Release|Any CPU.ActiveCfg = Release|Any CPU
		{211E7997-411A-45D3-9A69-E363E143CCFD}.Release|Any CPU.Build.0 = Release|Any CPU
		{211E7997-411A-45D3-9A69-E363E143CCFD}.Release|x64.ActiveCfg = Release|Any CPU
		{211E7997-411A-45D3-9A69-E363E143CCFD}.Release|x64.Build.0 = Release|Any CPU
		{211E7997-411A-45D3-9A69-E363E143CCFD}.Release|x86.ActiveCfg = Release|Any CPU
		{211E7997-411A-45D3-9A69-E363E143CCFD}.Release|x86.Build.0 = Release|Any CPU
		{1A949FFE-12C1-43AA-A7C1-53AEF5047AE9}.Debug|Any CPU.ActiveCfg = Debug|Any CPU
		{1A949FFE-12C1-43AA-A7C1-53AEF5047AE9}.Debug|Any CPU.Build.0 = Debug|Any CPU
		{1A949FFE-12C1-43AA-A7C1-53AEF5047AE9}.Debug|x64.ActiveCfg = Debug|Any CPU
		{1A949FFE-12C1-43AA-A7C1-53AEF5047AE9}.Debug|x64.Build.0 = Debug|Any CPU
		{1A949FFE-12C1-43AA-A7C1-53AEF5047AE9}.Debug|x86.ActiveCfg = Debug|Any CPU
		{1A949FFE-12C1-43AA-A7C1-53AEF5047AE9}.Debug|x86.Build.0 = Debug|Any CPU
		{1A949FFE-12C1-43AA-A7C1-53AEF5047AE9}.Release|Any CPU.ActiveCfg = Release|Any CPU
		{1A949FFE-12C1-43AA-A7C1-53AEF5047AE9}.Release|Any CPU.Build.0 = Release|Any CPU
		{1A949FFE-12C1-43AA-A7C1-53AEF5047AE9}.Release|x64.ActiveCfg = Release|Any CPU
		{1A949FFE-12C1-43AA-A7C1-53AEF5047AE9}.Release|x64.Build.0 = Release|Any CPU
		{1A949FFE-12C1-43AA-A7C1-53AEF5047AE9}.Release|x86.ActiveCfg = Release|Any CPU
		{1A949FFE-12C1-43AA-A7C1-53AEF5047AE9}.Release|x86.Build.0 = Release|Any CPU
		{8FFD24D3-6982-47CC-803D-49D4489EB89B}.Debug|Any CPU.ActiveCfg = Debug|Any CPU
		{8FFD24D3-6982-47CC-803D-49D4489EB89B}.Debug|Any CPU.Build.0 = Debug|Any CPU
		{8FFD24D3-6982-47CC-803D-49D4489EB89B}.Debug|x64.ActiveCfg = Debug|Any CPU
		{8FFD24D3-6982-47CC-803D-49D4489EB89B}.Debug|x64.Build.0 = Debug|Any CPU
		{8FFD24D3-6982-47CC-803D-49D4489EB89B}.Debug|x86.ActiveCfg = Debug|Any CPU
		{8FFD24D3-6982-47CC-803D-49D4489EB89B}.Debug|x86.Build.0 = Debug|Any CPU
		{8FFD24D3-6982-47CC-803D-49D4489EB89B}.Release|Any CPU.ActiveCfg = Release|Any CPU
		{8FFD24D3-6982-47CC-803D-49D4489EB89B}.Release|Any CPU.Build.0 = Release|Any CPU
		{8FFD24D3-6982-47CC-803D-49D4489EB89B}.Release|x64.ActiveCfg = Release|Any CPU
		{8FFD24D3-6982-47CC-803D-49D4489EB89B}.Release|x64.Build.0 = Release|Any CPU
		{8FFD24D3-6982-47CC-803D-49D4489EB89B}.Release|x86.ActiveCfg = Release|Any CPU
		{8FFD24D3-6982-47CC-803D-49D4489EB89B}.Release|x86.Build.0 = Release|Any CPU
		{D69E7B0E-D52A-4FC6-9C3A-A2DDF32A3FC4}.Debug|Any CPU.ActiveCfg = Debug|Any CPU
		{D69E7B0E-D52A-4FC6-9C3A-A2DDF32A3FC4}.Debug|Any CPU.Build.0 = Debug|Any CPU
		{D69E7B0E-D52A-4FC6-9C3A-A2DDF32A3FC4}.Debug|x64.ActiveCfg = Debug|Any CPU
		{D69E7B0E-D52A-4FC6-9C3A-A2DDF32A3FC4}.Debug|x64.Build.0 = Debug|Any CPU
		{D69E7B0E-D52A-4FC6-9C3A-A2DDF32A3FC4}.Debug|x86.ActiveCfg = Debug|Any CPU
		{D69E7B0E-D52A-4FC6-9C3A-A2DDF32A3FC4}.Debug|x86.Build.0 = Debug|Any CPU
		{D69E7B0E-D52A-4FC6-9C3A-A2DDF32A3FC4}.Release|Any CPU.ActiveCfg = Release|Any CPU
		{D69E7B0E-D52A-4FC6-9C3A-A2DDF32A3FC4}.Release|Any CPU.Build.0 = Release|Any CPU
		{D69E7B0E-D52A-4FC6-9C3A-A2DDF32A3FC4}.Release|x64.ActiveCfg = Release|Any CPU
		{D69E7B0E-D52A-4FC6-9C3A-A2DDF32A3FC4}.Release|x64.Build.0 = Release|Any CPU
		{D69E7B0E-D52A-4FC6-9C3A-A2DDF32A3FC4}.Release|x86.ActiveCfg = Release|Any CPU
		{D69E7B0E-D52A-4FC6-9C3A-A2DDF32A3FC4}.Release|x86.Build.0 = Release|Any CPU
	EndGlobalSection
	GlobalSection(SolutionProperties) = preSolution
		HideSolutionNode = FALSE
	EndGlobalSection
	GlobalSection(NestedProjects) = preSolution
		{F2F32D5D-D798-43FF-BC57-7F21C39FDADE} = {1966B2B6-4F4E-4358-90A7-237D0A61C843}
		{F338B654-63C5-43F3-A19A-F446E3971EB5} = {1966B2B6-4F4E-4358-90A7-237D0A61C843}
		{FB3382DB-A9B4-4808-8AFA-76BC92906298} = {1966B2B6-4F4E-4358-90A7-237D0A61C843}
		{EC1FE507-231D-4407-88ED-8EBE9B5EBC8D} = {1966B2B6-4F4E-4358-90A7-237D0A61C843}
		{E34BC78D-0AF2-43FC-9A79-DB1ECF1F2DCC} = {1966B2B6-4F4E-4358-90A7-237D0A61C843}
		{4F536D81-01C6-4347-B092-98E8A23C9877} = {1966B2B6-4F4E-4358-90A7-237D0A61C843}
		{453E6D65-95B7-4A22-9AC1-A310FD0B2A92} = {1966B2B6-4F4E-4358-90A7-237D0A61C843}
		{329A6CF8-D3AE-4D7B-844A-07FBBAEA0DC4} = {1966B2B6-4F4E-4358-90A7-237D0A61C843}
		{7D727E4B-6C64-42D3-B74F-4BFF5532219F} = {1966B2B6-4F4E-4358-90A7-237D0A61C843}
		{6866BB74-E001-4D85-8434-45A6A896E5BE} = {1966B2B6-4F4E-4358-90A7-237D0A61C843}
		{87E817EE-9DA7-4CD4-8B81-C6EF9329B593} = {1966B2B6-4F4E-4358-90A7-237D0A61C843}
		{ED0B9619-C409-47D1-BB6F-C2B36EAC81BD} = {1966B2B6-4F4E-4358-90A7-237D0A61C843}
		{EF38083E-C245-402B-B1A1-D5AB5410B21A} = {1966B2B6-4F4E-4358-90A7-237D0A61C843}
		{04C78CE2-05A0-4FF3-BC59-ACDB0C5F486E} = {1966B2B6-4F4E-4358-90A7-237D0A61C843}
		{4B1CFCA0-F47E-4498-8B04-D4249C0CF119} = {1966B2B6-4F4E-4358-90A7-237D0A61C843}
		{18275F00-0ECC-464D-876B-D8BF67A9A9CE} = {DDAB51AD-40E2-4DAB-84A6-9BFD6DF825FE}
		{7583BC51-9226-4C49-AB94-A5BACF5EAEAC} = {DDAB51AD-40E2-4DAB-84A6-9BFD6DF825FE}
		{45ED7062-BAEF-43AB-9F46-E73B1DCE7D33} = {DDAB51AD-40E2-4DAB-84A6-9BFD6DF825FE}
		{D57FB511-E22C-473D-BFFA-F57E10502E7E} = {DDAB51AD-40E2-4DAB-84A6-9BFD6DF825FE}
		{8CB2B293-0895-4B50-AE35-1E412697D268} = {DDAB51AD-40E2-4DAB-84A6-9BFD6DF825FE}
		{4741E350-01BD-4679-8AAB-1F9E5A0D114A} = {DDAB51AD-40E2-4DAB-84A6-9BFD6DF825FE}
		{6167172F-018E-4CA3-8865-FD4781257E09} = {DDAB51AD-40E2-4DAB-84A6-9BFD6DF825FE}
		{8F9D2007-A59A-45ED-80D1-0B10786BCC8A} = {DDAB51AD-40E2-4DAB-84A6-9BFD6DF825FE}
		{C0823ED9-7F40-4721-B657-8CA1834FE3A5} = {DDAB51AD-40E2-4DAB-84A6-9BFD6DF825FE}
		{F6E8D0E5-146C-48EE-B7A9-A0564B1366AC} = {DDAB51AD-40E2-4DAB-84A6-9BFD6DF825FE}
		{392721E1-E27C-4BA0-BFCC-FE140AF6DA37} = {DDAB51AD-40E2-4DAB-84A6-9BFD6DF825FE}
		{8EE51804-47C2-4BA7-9229-46AB26DAEC8E} = {DDAB51AD-40E2-4DAB-84A6-9BFD6DF825FE}
		{211E7997-411A-45D3-9A69-E363E143CCFD} = {DDAB51AD-40E2-4DAB-84A6-9BFD6DF825FE}
		{1A949FFE-12C1-43AA-A7C1-53AEF5047AE9} = {DDAB51AD-40E2-4DAB-84A6-9BFD6DF825FE}
		{8FFD24D3-6982-47CC-803D-49D4489EB89B} = {DDAB51AD-40E2-4DAB-84A6-9BFD6DF825FE}
		{D69E7B0E-D52A-4FC6-9C3A-A2DDF32A3FC4} = {DDAB51AD-40E2-4DAB-84A6-9BFD6DF825FE}
	EndGlobalSection
	GlobalSection(ExtensibilityGlobals) = postSolution
		SolutionGuid = {200B6135-EBB6-4844-84D3-1167AEB1AE7A}
	EndGlobalSection
EndGlobal
